
Microsoft Visual Studio Solution File, Format Version 12.00
# Visual Studio Version 17
VisualStudioVersion = 17.9.34607.119
MinimumVisualStudioVersion = 10.0.40219.1
Project("{FAE04EC0-301F-11D3-BF4B-00C04F79EFBC}") = "FoodDelivery", "FoodDelivery.csproj", "{A78A9E9D-D1E3-4BB6-BE9F-FA661C5C79AA}"
EndProject
Global
	GlobalSection(SolutionConfigurationPlatforms) = preSolution
		Debug|Any CPU = Debug|Any CPU
		Release|Any CPU = Release|Any CPU
	EndGlobalSection
	GlobalSection(ProjectConfigurationPlatforms) = postSolution
		{A78A9E9D-D1E3-4BB6-BE9F-FA661C5C79AA}.Debug|Any CPU.ActiveCfg = Debug|Any CPU
		{A78A9E9D-D1E3-4BB6-BE9F-FA661C5C79AA}.Debug|Any CPU.Build.0 = Debug|Any CPU
		{A78A9E9D-D1E3-4BB6-BE9F-FA661C5C79AA}.Release|Any CPU.ActiveCfg = Release|Any CPU
		{A78A9E9D-D1E3-4BB6-BE9F-FA661C5C79AA}.Release|Any CPU.Build.0 = Release|Any CPU
	EndGlobalSection
	GlobalSection(SolutionProperties) = preSolution
		HideSolutionNode = FALSE
	EndGlobalSection
	GlobalSection(ExtensibilityGlobals) = postSolution
		SolutionGuid = {DA89717C-F390-44D0-97EA-A1DB56DD66F9}
	EndGlobalSection
EndGlobal
